
Microsoft Visual Studio Solution File, Format Version 12.00
# Visual Studio 15
VisualStudioVersion = 15.0.28307.1300
MinimumVisualStudioVersion = 10.0.40219.1
Project("{FAE04EC0-301F-11D3-BF4B-00C04F79EFBC}") = "Northwind.Business", "Northwind.Business\Northwind.Business.csproj", "{DFC08B59-579C-4FCB-9E32-BB417578B0F9}"
EndProject
Project("{FAE04EC0-301F-11D3-BF4B-00C04F79EFBC}") = "Northwind.DataAccess", "Northwind.DataAccess\Northwind.DataAccess.csproj", "{5DDE9C8D-C55A-4965-A4F6-CF925A7B4095}"
EndProject
Project("{FAE04EC0-301F-11D3-BF4B-00C04F79EFBC}") = "Northwind.Entities", "Northwind.Entities\Northwind.Entities.csproj", "{03769E25-1A1A-428A-BDCB-CF884D198EC1}"
EndProject
Project("{FAE04EC0-301F-11D3-BF4B-00C04F79EFBC}") = "Northwind.WebFormsUI", "Northwind.WebFormsUI\Northwind.WebFormsUI.csproj", "{D9F04350-EE4F-414C-83C7-13C768F40867}"
EndProject
Global
	GlobalSection(SolutionConfigurationPlatforms) = preSolution
		Debug|Any CPU = Debug|Any CPU
		Release|Any CPU = Release|Any CPU
	EndGlobalSection
	GlobalSection(ProjectConfigurationPlatforms) = postSolution
		{DFC08B59-579C-4FCB-9E32-BB417578B0F9}.Debug|Any CPU.ActiveCfg = Debug|Any CPU
		{DFC08B59-579C-4FCB-9E32-BB417578B0F9}.Debug|Any CPU.Build.0 = Debug|Any CPU
		{DFC08B59-579C-4FCB-9E32-BB417578B0F9}.Release|Any CPU.ActiveCfg = Release|Any CPU
		{DFC08B59-579C-4FCB-9E32-BB417578B0F9}.Release|Any CPU.Build.0 = Release|Any CPU
		{5DDE9C8D-C55A-4965-A4F6-CF925A7B4095}.Debug|Any CPU.ActiveCfg = Debug|Any CPU
		{5DDE9C8D-C55A-4965-A4F6-CF925A7B4095}.Debug|Any CPU.Build.0 = Debug|Any CPU
		{5DDE9C8D-C55A-4965-A4F6-CF925A7B4095}.Release|Any CPU.ActiveCfg = Release|Any CPU
		{5DDE9C8D-C55A-4965-A4F6-CF925A7B4095}.Release|Any CPU.Build.0 = Release|Any CPU
		{03769E25-1A1A-428A-BDCB-CF884D198EC1}.Debug|Any CPU.ActiveCfg = Debug|Any CPU
		{03769E25-1A1A-428A-BDCB-CF884D198EC1}.Debug|Any CPU.Build.0 = Debug|Any CPU
		{03769E25-1A1A-428A-BDCB-CF884D198EC1}.Release|Any CPU.ActiveCfg = Release|Any CPU
		{03769E25-1A1A-428A-BDCB-CF884D198EC1}.Release|Any CPU.Build.0 = Release|Any CPU
		{D9F04350-EE4F-414C-83C7-13C768F40867}.Debug|Any CPU.ActiveCfg = Debug|Any CPU
		{D9F04350-EE4F-414C-83C7-13C768F40867}.Debug|Any CPU.Build.0 = Debug|Any CPU
		{D9F04350-EE4F-414C-83C7-13C768F40867}.Release|Any CPU.ActiveCfg = Release|Any CPU
		{D9F04350-EE4F-414C-83C7-13C768F40867}.Release|Any CPU.Build.0 = Release|Any CPU
	EndGlobalSection
	GlobalSection(SolutionProperties) = preSolution
		HideSolutionNode = FALSE
	EndGlobalSection
	GlobalSection(ExtensibilityGlobals) = postSolution
		SolutionGuid = {0C985652-99B1-45C5-B0EA-34E843765A1B}
	EndGlobalSection
EndGlobal
